github.com/Azure/go-ansiterm v0.0.0-20170929234023-d6e3b3328b78/go.mod h1:LmzpDX56iTiv29bbRTIsUNlaFfuhWRQBWjQdVyAevI8=
github.com/Microsoft/go-winio v0.4.8/go.mod h1:VhR8bwka0BXejwEJY73c50VrPtXAaKcyvVC4A4RozmA=
github.com/Nvveen/Gotty v0.0.0-20120604004816-cd527374f1e5 h1:TngWCqHvy9oXAN6lEVMRuU21PR1EtLVZJmdB18Gu3Rw=
github.com/Nvveen/Gotty v0.0.0-20120604004816-cd527374f1e5/go.mod h1:lmUJ/7eu/Q8D7ML55dXQrVaamCz2vxCfdQBasLZfHKk=
github.com/SmartEnergyPlatform/amqp-wrapper-lib v0.0.0-20181018071408-32e07d9d89bb h1:wkigEsq8SRUzIbsA5gAWhZ7a1CECn1vnhpElcoA6evE=
github.com/SmartEnergyPlatform/amqp-wrapper-lib v0.0.0-20181018071408-32e07d9d89bb/go.mod h1:X1U6gbRInWfBsFKgb/owoLNZp2NSx6vLnUPbw6bjEN4=
github.com/SmartEnergyPlatform/jwt-http-router v0.0.0-20181016142124-a362b578cbc4/go.mod h1:EJR6/QRwaUKPdlXd++sqyoBsc80Ety6Yew1epvbGFs4=
github.com/SmartEnergyPlatform/jwt-http-router v0.0.0-20181018071703-2fca7308e21f h1:PaAqaTlimX7SG6jFeQRyVbWBCxSfh0tOHjQ78YGDkXg=
github.com/SmartEnergyPlatform/jwt-http-router v0.0.0-20181018071703-2fca7308e21f/go.mod h1:EJR6/QRwaUKPdlXd++sqyoBsc80Ety6Yew1epvbGFs4=
github.com/SmartEnergyPlatform/util v0.0.0-20181016124051-9aede4e343df/go.mod h1:SQukrczVRI7mSlfxYiIjtKjuIpNc7GPXhZISX0iLa3M=
github.com/SmartEnergyPlatform/util v0.0.0-20181018070938-b26ca656886c h1:W4cI5yY8t8yL2eby9p27KmVgUzJ8x/nOJVFcchA0srs=
github.com/SmartEnergyPlatform/util v0.0.0-20181018070938-b26ca656886c/go.mod h1:SQukrczVRI7mSlfxYiIjtKjuIpNc7GPXhZISX0iLa3M=
github.com/bouk/monkey v0.0.0-20170901202551-b96e337f6e5b/go.mod h1:PG/63f4XEUlVyW1ttIeOJmJhhe1+t9EC/je3eTjvFhE=
github.com/cbroglie/mustache v0.0.0-20180122045544-2eb171290cbd h1:Lo9N6LN0ltSdibxfCn3XmeKSGSDab5v+oADerDOIatY=
github.com/cbroglie/mustache v0.0.0-20180122045544-2eb171290cbd/go.mod h1:R/RUa+SobQ14qkP4jtx5Vke5sDytONDQXNLPY/PO69g=
github.com/cenkalti/backoff v2.0.0+incompatible h1:5IIPUHhlnUZbcHQsQou5k1Tn58nJkeJL9U+ig5CHJbY=
github.com/cenkalti/backoff v2.0.0+incompatible/go.mod h1:90ReRw6GdpyfrHakVjL/QHaoyV4aDUVVkXQJJJ3NXXM=
github.com/containerd/continuity v0.0.0-20180612233548-246e49050efd h1:AqPnRJG7BcXlRtISATdp/XsD4cwZK6MdeMxFQ2hGFdw=
github.com/containerd/continuity v0.0.0-20180612233548-246e49050efd/go.mod h1:GL3xCUCBDV3CZiTSEKksMWbLE66hEyuu9qyDOOqM47Y=
github.com/dgrijalva/jwt-go v3.1.0+incompatible h1:FFziAwDQQ2dz1XClWMkwvukur3evtZx7x/wMHKM1i20=
github.com/dgrijalva/jwt-go v3.1.0+incompatible/go.mod h1:E3ru+11k8xSBh+hMPgOLZmtrrCbhqsmaPHjLKYnJCaQ=
github.com/docker/go-connections v0.3.0 h1:3lOnM9cSzgGwx8VfK/NGOW5fLQ0GjIlCkaktF+n1M6o=
github.com/docker/go-connections v0.3.0/go.mod h1:Gbd7IOopHjR8Iph03tsViu4nIes5XhDvyHbTtUxmeec=
github.com/docker/go-units v0.3.3 h1:Xk8S3Xj5sLGlG5g67hJmYMmUgXv5N4PhkjJHHqrwnTk=
github.com/docker/go-units v0.3.3/go.mod h1:fgPhTUdO+D/Jk86RDLlptpiXQzgHJF7gydDDbaIK4Dk=
github.com/knakk/digest v0.0.0-20160404164910-fd45becddc49 h1:P6Mw09IOeKKS4klYhjzHzaEx2RcNshynjfDhzCQ8BoE=
github.com/knakk/digest v0.0.0-20160404164910-fd45becddc49/go.mod h1:dQr9I8Xw26daWGE/crxUleRxmpFI5uhfedWqRNHHq0c=
github.com/knakk/rdf v0.0.0-20171130200148-b6ee24f8f40f h1:baZ4PyVt4FVOjiNLKW8nS89bX57DyzLGnAGigG3e/o8=
github.com/knakk/rdf v0.0.0-20171130200148-b6ee24f8f40f/go.mod h1:fYE0718xXI13XMYLc6iHtvXudfyCGMsZ9hxSM1Ommpg=
github.com/knakk/sparql v0.0.0-20170625101756-3de19ad6a5dc h1:0UfNiyO72Yt0mH+EdOJBmvp+D8GFjJ1If9YTrazUXHs=
github.com/knakk/sparql v0.0.0-20170625101756-3de19ad6a5dc/go.mod h1:vxUbHrxs7JHQF6LITj9Rp9yf2bqyz+5JZzPZkEkS3MA=
github.com/opencontainers/go-digest v1.0.0-rc1 h1:WzifXhOVOEOuFYOJAW6aQqW0TooG2iki3E3Ii+WN7gQ=
github.com/opencontainers/go-digest v1.0.0-rc1/go.mod h1:cMLVZDEM3+U2I4VmLI6N8jQYUd2OVphdqWwCJHrFt2s=
github.com/opencontainers/image-spec v1.0.1 h1:JMemWkRwHx4Zj+fVxWoMCFm/8sYGGrUVojFA6h/TRcI=
github.com/opencontainers/image-spec v1.0.1/go.mod h1:BtxoFyWECRxE4U/7sNtV5W15zMzWCbyJoFRP3s7yZA0=
github.com/opencontainers/runc v0.1.1 h1:GlxAyO6x8rfZYN9Tt0Kti5a/cP41iuiO2yYT0IJGY8Y=
github.com/opencontainers/runc v0.1.1/go.mod h1:qT5XzbpPznkRYVz/mWwUaVBUv2rmF59PVA73FjuZG0U=
github.com/ory/dockertest v3.3.2+incompatible h1:uO+NcwH6GuFof/Uz8yzjNi1g0sGT5SLAJbdBvD8bUYc=
github.com/ory/dockertest v3.3.2+incompatible/go.mod h1:1vX4m9wsvi00u5bseYwXaSnhNrne+V0E6LAcBILJdPs=
github.com/pkg/errors v0.8.0 h1:WdK/asTD0HN+q6hsWO3/vpuAkAr+tw6aNJNDFFf0+qw=
github.com/pkg/errors v0.8.0/go.mod h1:bwawxfHBFNV+L2hUp1rHADufV3IMtnDRdf1r5NINEl0=
github.com/satori/go.uuid v1.2.0 h1:0uYX9dsZ2yD7q2RtLRtPSdGDWzjeM3TbMJP9utgA0ww=
github.com/satori/go.uuid v1.2.0/go.mod h1:dA0hQrYB0VpLJoorglMZABFdXlWrHn1NEOzdhQKdks0=
github.com/sirupsen/logrus v1.0.5 h1:8c8b5uO0zS4X6RPl/sd1ENwSkIc0/H2PaHxE3udaE8I=
github.com/sirupsen/logrus v1.0.5/go.mod h1:pMByvHTf9Beacp5x1UXfOR9xyW/9antXMhjMPG0dEzc=
github.com/streadway/amqp v0.0.0-20180315184602-8e4aba63da9f h1:q//3aFQhyA8sBywUCO9DlDoFZFitzVhnght/YhKrQ6s=
github.com/streadway/amqp v0.0.0-20180315184602-8e4aba63da9f/go.mod h1:1WNBiOZtZQLpVAyu0iTduoJL9hEsMloAK5XWrtW0xdY=
golang.org/x/crypto v0.0.0-20180621125126-a49355c7e3f8 h1:h7zdf0RiEvWbYBKIx4b+q41xoUVnMmvsGZnIVE5syG8=
golang.org/x/crypto v0.0.0-20180621125126-a49355c7e3f8/go.mod h1:6SG95UA2DQfeDnfUPMdvaQW0Q7yPrPDi9nlGo2tz2b4=
golang.org/x/net v0.0.0-20180629035331-4cb1c02c05b0 h1:eOjEPieBzQ+rKOvQTqwbkm/0BdWz2JQwUzaa97tcZ8k=
golang.org/x/net v0.0.0-20180629035331-4cb1c02c05b0/go.mod h1:mL1N/T3taQHkDXs73rZJwtUhF3w3ftmwwsq0BUmARs4=
golang.org/x/sys v0.0.0-20180627142611-7138fd3d9dc8 h1:RI4LLZfYDSosZMJ7FzhhEQbwo7tA8Bp9Vhml1PukQsg=
golang.org/x/sys v0.0.0-20180627142611-7138fd3d9dc8/go.mod h1:STP8DvDyc/dI5b8T5hshtkjS+E42TnysNCUPdjciGhY=
